
Microsoft Visual Studio Solution File, Format Version 12.00
# Visual Studio Version 16
VisualStudioVersion = 16.0.32002.261
MinimumVisualStudioVersion = 10.0.40219.1
Project("{FAE04EC0-301F-11D3-BF4B-00C04F79EFBC}") = "math-tutor-0.4", "MathTutor0.4\math-tutor-0.4.csproj", "{1CE3B7F8-8891-4C19-96EF-D4CCA46504F6}"
EndProject
Global
	GlobalSection(SolutionConfigurationPlatforms) = preSolution
		Debug|Any CPU = Debug|Any CPU
		Release|Any CPU = Release|Any CPU
	EndGlobalSection
	GlobalSection(ProjectConfigurationPlatforms) = postSolution
		{1CE3B7F8-8891-4C19-96EF-D4CCA46504F6}.Debug|Any CPU.ActiveCfg = Debug|Any CPU
		{1CE3B7F8-8891-4C19-96EF-D4CCA46504F6}.Debug|Any CPU.Build.0 = Debug|Any CPU
		{1CE3B7F8-8891-4C19-96EF-D4CCA46504F6}.Release|Any CPU.ActiveCfg = Release|Any CPU
		{1CE3B7F8-8891-4C19-96EF-D4CCA46504F6}.Release|Any CPU.Build.0 = Release|Any CPU
	EndGlobalSection
	GlobalSection(SolutionProperties) = preSolution
		HideSolutionNode = FALSE
	EndGlobalSection
	GlobalSection(ExtensibilityGlobals) = postSolution
		SolutionGuid = {FDDA2A83-6BFC-4868-8EBB-FC9E1080F2D4}
	EndGlobalSection
EndGlobal
